
Microsoft Visual Studio Solution File, Format Version 12.00
# Visual Studio Version 17
VisualStudioVersion = 17.0.31903.59
MinimumVisualStudioVersion = 10.0.40219.1
Project("{2150E333-8FDC-42A3-9474-1A3956D46DE8}") = "src", "src", "{BC8558EC-0CE5-45DF-A02A-72E1DA6AA50E}"
EndProject
Project("{FAE04EC0-301F-11D3-BF4B-00C04F79EFBC}") = "Zarinpal", "src\Zarinpal\Zarinpal.csproj", "{40625706-355E-4C10-AC03-41BDEA2DB120}"
EndProject
Global
	GlobalSection(SolutionConfigurationPlatforms) = preSolution
		Debug|Any CPU = Debug|Any CPU
		Release|Any CPU = Release|Any CPU
	EndGlobalSection
	GlobalSection(SolutionProperties) = preSolution
		HideSolutionNode = FALSE
	EndGlobalSection
	GlobalSection(ProjectConfigurationPlatforms) = postSolution
		{40625706-355E-4C10-AC03-41BDEA2DB120}.Debug|Any CPU.ActiveCfg = Debug|Any CPU
		{40625706-355E-4C10-AC03-41BDEA2DB120}.Debug|Any CPU.Build.0 = Debug|Any CPU
		{40625706-355E-4C10-AC03-41BDEA2DB120}.Release|Any CPU.ActiveCfg = Release|Any CPU
		{40625706-355E-4C10-AC03-41BDEA2DB120}.Release|Any CPU.Build.0 = Release|Any CPU
	EndGlobalSection
	GlobalSection(NestedProjects) = preSolution
		{40625706-355E-4C10-AC03-41BDEA2DB120} = {BC8558EC-0CE5-45DF-A02A-72E1DA6AA50E}
	EndGlobalSection
EndGlobal
